
Microsoft Visual Studio Solution File, Format Version 12.00
# Visual Studio Version 17
VisualStudioVersion = 17.9.34607.119
MinimumVisualStudioVersion = 10.0.40219.1
Project("{FAE04EC0-301F-11D3-BF4B-00C04F79EFBC}") = "Laboratorio 5", "Laboratorio 5\Laboratorio 5.csproj", "{442318B1-50CB-4049-8CBD-31672F5DC59A}"
EndProject
Global
	GlobalSection(SolutionConfigurationPlatforms) = preSolution
		Debug|Any CPU = Debug|Any CPU
		Release|Any CPU = Release|Any CPU
	EndGlobalSection
	GlobalSection(ProjectConfigurationPlatforms) = postSolution
		{442318B1-50CB-4049-8CBD-31672F5DC59A}.Debug|Any CPU.ActiveCfg = Debug|Any CPU
		{442318B1-50CB-4049-8CBD-31672F5DC59A}.Debug|Any CPU.Build.0 = Debug|Any CPU
		{442318B1-50CB-4049-8CBD-31672F5DC59A}.Release|Any CPU.ActiveCfg = Release|Any CPU
		{442318B1-50CB-4049-8CBD-31672F5DC59A}.Release|Any CPU.Build.0 = Release|Any CPU
	EndGlobalSection
	GlobalSection(SolutionProperties) = preSolution
		HideSolutionNode = FALSE
	EndGlobalSection
	GlobalSection(ExtensibilityGlobals) = postSolution
		SolutionGuid = {119A94AF-3D85-4ED2-B56A-E8CD249C1508}
	EndGlobalSection
EndGlobal
